
Microsoft Visual Studio Solution File, Format Version 12.00
# Visual Studio Version 16
VisualStudioVersion = 16.0.31702.278
MinimumVisualStudioVersion = 10.0.40219.1
Project("{FAE04EC0-301F-11D3-BF4B-00C04F79EFBC}") = "Question2", "Question2\Question2.csproj", "{635120C5-2C6D-478A-BB66-A45E8AC945D9}"
EndProject
Global
	GlobalSection(SolutionConfigurationPlatforms) = preSolution
		Debug|Any CPU = Debug|Any CPU
		Release|Any CPU = Release|Any CPU
	EndGlobalSection
	GlobalSection(ProjectConfigurationPlatforms) = postSolution
		{635120C5-2C6D-478A-BB66-A45E8AC945D9}.Debug|Any CPU.ActiveCfg = Debug|Any CPU
		{635120C5-2C6D-478A-BB66-A45E8AC945D9}.Debug|Any CPU.Build.0 = Debug|Any CPU
		{635120C5-2C6D-478A-BB66-A45E8AC945D9}.Release|Any CPU.ActiveCfg = Release|Any CPU
		{635120C5-2C6D-478A-BB66-A45E8AC945D9}.Release|Any CPU.Build.0 = Release|Any CPU
	EndGlobalSection
	GlobalSection(SolutionProperties) = preSolution
		HideSolutionNode = FALSE
	EndGlobalSection
	GlobalSection(ExtensibilityGlobals) = postSolution
		SolutionGuid = {DF038D3E-8241-4CAA-A38E-F8CA47008DDB}
	EndGlobalSection
EndGlobal
