
Microsoft Visual Studio Solution File, Format Version 12.00
# Visual Studio Version 16
VisualStudioVersion = 16.0.31702.278
MinimumVisualStudioVersion = 10.0.40219.1
Project("{FAE04EC0-301F-11D3-BF4B-00C04F79EFBC}") = "Question1", "Question1\Question1.csproj", "{9DCDEA70-FFB0-4D0D-ABA8-0BCF940FCD0A}"
EndProject
Global
	GlobalSection(SolutionConfigurationPlatforms) = preSolution
		Debug|Any CPU = Debug|Any CPU
		Release|Any CPU = Release|Any CPU
	EndGlobalSection
	GlobalSection(ProjectConfigurationPlatforms) = postSolution
		{9DCDEA70-FFB0-4D0D-ABA8-0BCF940FCD0A}.Debug|Any CPU.ActiveCfg = Debug|Any CPU
		{9DCDEA70-FFB0-4D0D-ABA8-0BCF940FCD0A}.Debug|Any CPU.Build.0 = Debug|Any CPU
		{9DCDEA70-FFB0-4D0D-ABA8-0BCF940FCD0A}.Release|Any CPU.ActiveCfg = Release|Any CPU
		{9DCDEA70-FFB0-4D0D-ABA8-0BCF940FCD0A}.Release|Any CPU.Build.0 = Release|Any CPU
	EndGlobalSection
	GlobalSection(SolutionProperties) = preSolution
		HideSolutionNode = FALSE
	EndGlobalSection
	GlobalSection(ExtensibilityGlobals) = postSolution
		SolutionGuid = {E0A4C9F7-5B24-46F4-872A-654EA12B0E93}
	EndGlobalSection
EndGlobal
